# This file is automatically @generated by Cargo.
# It is not intended for manual editing.
version = 3

[[package]]
name = "day8"
version = "0.1.0"
dependencies = [
 "eyre",
 "indoc",
]

[[package]]
name = "eyre"
version = "0.6.5"
source = "registry+https://github.com/rust-lang/crates.io-index"
checksum = "221239d1d5ea86bf5d6f91c9d6bc3646ffe471b08ff9b0f91c44f115ac969d2b"
dependencies = [
 "indenter",
 "once_cell",
]

[[package]]
name = "indenter"
version = "0.3.3"
source = "registry+https://github.com/rust-lang/crates.io-index"
checksum = "ce23b50ad8242c51a442f3ff322d56b02f08852c77e4c0b4d3fd684abc89c683"

[[package]]
name = "indoc"
version = "1.0.3"
source = "registry+https://github.com/rust-lang/crates.io-index"
checksum = "e5a75aeaaef0ce18b58056d306c27b07436fbb34b8816c53094b76dd81803136"
dependencies = [
 "unindent",
]

[[package]]
name = "once_cell"
version = "1.8.0"
source = "registry+https://github.com/rust-lang/crates.io-index"
checksum = "692fcb63b64b1758029e0a96ee63e049ce8c5948587f2f7208df04625e5f6b56"

[[package]]
name = "unindent"
version = "0.1.7"
source = "registry+https://github.com/rust-lang/crates.io-index"
checksum = "f14ee04d9415b52b3aeab06258a3f07093182b88ba0f9b8d203f211a7a7d41c7"
